
Microsoft Visual Studio Solution File, Format Version 12.00
# Visual Studio 15
VisualStudioVersion = 15.0.28010.2036
MinimumVisualStudioVersion = 10.0.40219.1
Project("{FAE04EC0-301F-11D3-BF4B-00C04F79EFBC}") = "challenge-2", "challenge-2\challenge-2.csproj", "{DE6DDC4B-8E8A-41E0-9D90-3473DA205854}"
EndProject
Global
	GlobalSection(SolutionConfigurationPlatforms) = preSolution
		Debug|Any CPU = Debug|Any CPU
		Release|Any CPU = Release|Any CPU
	EndGlobalSection
	GlobalSection(ProjectConfigurationPlatforms) = postSolution
		{DE6DDC4B-8E8A-41E0-9D90-3473DA205854}.Debug|Any CPU.ActiveCfg = Debug|Any CPU
		{DE6DDC4B-8E8A-41E0-9D90-3473DA205854}.Debug|Any CPU.Build.0 = Debug|Any CPU
		{DE6DDC4B-8E8A-41E0-9D90-3473DA205854}.Release|Any CPU.ActiveCfg = Release|Any CPU
		{DE6DDC4B-8E8A-41E0-9D90-3473DA205854}.Release|Any CPU.Build.0 = Release|Any CPU
	EndGlobalSection
	GlobalSection(SolutionProperties) = preSolution
		HideSolutionNode = FALSE
	EndGlobalSection
	GlobalSection(ExtensibilityGlobals) = postSolution
		SolutionGuid = {DE2EE971-A0DF-41D8-B273-443EBFB5F1FA}
	EndGlobalSection
EndGlobal
