
Microsoft Visual Studio Solution File, Format Version 12.00
# Visual Studio 15
VisualStudioVersion = 15.0.28010.2036
MinimumVisualStudioVersion = 10.0.40219.1
Project("{FAE04EC0-301F-11D3-BF4B-00C04F79EFBC}") = "challenge-3-part-1", "challenge-3-part-1\challenge-3-part-1.csproj", "{862A9CC2-0E44-4520-937E-8A09394FB44B}"
EndProject
Project("{FAE04EC0-301F-11D3-BF4B-00C04F79EFBC}") = "challenge-3-part-2", "challenge-3-part-2\challenge-3-part-2.csproj", "{80C17B05-0AD7-40E8-89EB-0D4A3422069E}"
EndProject
Global
	GlobalSection(SolutionConfigurationPlatforms) = preSolution
		Debug|Any CPU = Debug|Any CPU
		Release|Any CPU = Release|Any CPU
	EndGlobalSection
	GlobalSection(ProjectConfigurationPlatforms) = postSolution
		{862A9CC2-0E44-4520-937E-8A09394FB44B}.Debug|Any CPU.ActiveCfg = Debug|Any CPU
		{862A9CC2-0E44-4520-937E-8A09394FB44B}.Debug|Any CPU.Build.0 = Debug|Any CPU
		{862A9CC2-0E44-4520-937E-8A09394FB44B}.Release|Any CPU.ActiveCfg = Release|Any CPU
		{862A9CC2-0E44-4520-937E-8A09394FB44B}.Release|Any CPU.Build.0 = Release|Any CPU
		{80C17B05-0AD7-40E8-89EB-0D4A3422069E}.Debug|Any CPU.ActiveCfg = Debug|Any CPU
		{80C17B05-0AD7-40E8-89EB-0D4A3422069E}.Debug|Any CPU.Build.0 = Debug|Any CPU
		{80C17B05-0AD7-40E8-89EB-0D4A3422069E}.Release|Any CPU.ActiveCfg = Release|Any CPU
		{80C17B05-0AD7-40E8-89EB-0D4A3422069E}.Release|Any CPU.Build.0 = Release|Any CPU
	EndGlobalSection
	GlobalSection(SolutionProperties) = preSolution
		HideSolutionNode = FALSE
	EndGlobalSection
	GlobalSection(ExtensibilityGlobals) = postSolution
		SolutionGuid = {535D3BE2-D3F5-4415-BAA1-5B6D457CF201}
	EndGlobalSection
EndGlobal
